// !$*UTF8*$!
{
	archiveVersion = 1;
	classes = {
	};
	objectVersion = 46;
	objects = {

/* Begin PBXBuildFile section */
		222F502B1E2987C700CEB67F /* AppDelegate.swift in Sources */ = {isa = PBXBuildFile; fileRef = 222F502A1E2987C700CEB67F /* AppDelegate.swift */; };
		222F50301E2987C700CEB67F /* Main.storyboard in Resources */ = {isa = PBXBuildFile; fileRef = 222F502E1E2987C700CEB67F /* Main.storyboard */; };
		222F50321E2987C700CEB67F /* Assets.xcassets in Resources */ = {isa = PBXBuildFile; fileRef = 222F50311E2987C700CEB67F /* Assets.xcassets */; };
		222F50351E2987C700CEB67F /* LaunchScreen.storyboard in Resources */ = {isa = PBXBuildFile; fileRef = 222F50331E2987C700CEB67F /* LaunchScreen.storyboard */; };
		222F503D1E29881F00CEB67F /* MoviesViewController.swift in Sources */ = {isa = PBXBuildFile; fileRef = 222F503C1E29881F00CEB67F /* MoviesViewController.swift */; };
/* End PBXBuildFile section */

/* Begin PBXFileReference section */
		222F50271E2987C700CEB67F /* Cinemaniac.app */ = {isa = PBXFileReference; explicitFileType = wrapper.application; includeInIndex = 0; path = Cinemaniac.app; sourceTree = BUILT_PRODUCTS_DIR; };
		222F502A1E2987C700CEB67F /* AppDelegate.swift */ = {isa = PBXFileReference; lastKnownFileType = sourcecode.swift; path = AppDelegate.swift; sourceTree = "<group>"; };
		222F502F1E2987C700CEB67F /* Base */ = {isa = PBXFileReference; lastKnownFileType = file.storyboard; name = Base; path = Base.lproj/Main.storyboard; sourceTree = "<group>"; };
		222F50311E2987C700CEB67F /* Assets.xcassets */ = {isa = PBXFileReference; lastKnownFileType = folder.assetcatalog; path = Assets.xcassets; sourceTree = "<group>"; };
		222F50341E2987C700CEB67F /* Base */ = {isa = PBXFileReference; lastKnownFileType = file.storyboard; name = Base; path = Base.lproj/LaunchScreen.storyboard; sourceTree = "<group>"; };
		222F50361E2987C700CEB67F /* Info.plist */ = {isa = PBXFileReference; lastKnownFileType = text.plist.xml; path = Info.plist; sourceTree = "<group>"; };
		222F503C1E29881F00CEB67F /* MoviesViewController.swift */ = {isa = PBXFileReference; fileEncoding = 4; lastKnownFileType = sourcecode.swift; path = MoviesViewController.swift; sourceTree = "<group>"; };
/* End PBXFileReference section */

/* Begin PBXFrameworksBuildPhase section */
		222F50241E2987C600CEB67F /* Frameworks */ = {
			isa = PBXFrameworksBuildPhase;
			buildActionMask = 2147483647;
			files = (
			);
			runOnlyForDeploymentPostprocessing = 0;
		};
/* End PBXFrameworksBuildPhase section */

/* Begin PBXGroup section */
		222F501E1E2987C600CEB67F = {
			isa = PBXGroup;
			children = (
				222F50291E2987C700CEB67F /* Cinemaniac */,
				222F50281E2987C700CEB67F /* Products */,
			);
			sourceTree = "<group>";
		};
		222F50281E2987C700CEB67F /* Products */ = {
			isa = PBXGroup;
			children = (
				222F50271E2987C700CEB67F /* Cinemaniac.app */,
			);
			name = Products;
			sourceTree = "<group>";
		};
		222F50291E2987C700CEB67F /* Cinemaniac */ = {
			isa = PBXGroup;
			children = (
				222F502A1E2987C700CEB67F /* AppDelegate.swift */,
				222F502E1E2987C700CEB67F /* Main.storyboard */,
				222F50311E2987C700CEB67F /* Assets.xcassets */,
				222F50331E2987C700CEB67F /* LaunchScreen.storyboard */,
				222F50361E2987C700CEB67F /* Info.plist */,
				222F503C1E29881F00CEB67F /* MoviesViewController.swift */,
			);
			path = Cinemaniac;
			sourceTree = "<group>";
		};
/* End PBXGroup section */

/* Begin PBXNativeTarget section */
		222F50261E2987C600CEB67F /* Cinemaniac */ = {
			isa = PBXNativeTarget;
			buildConfigurationList = 222F50391E2987C700CEB67F /* Build configuration list for PBXNativeTarget "Cinemaniac" */;
			buildPhases = (
				222F50231E2987C600CEB67F /* Sources */,
				222F50241E2987C600CEB67F /* Frameworks */,
				222F50251E2987C600CEB67F /* Resources */,
			);
			buildRules = (
			);
			dependencies = (
			);
			name = Cinemaniac;
			productName = Cinemaniac;
			productReference = 222F50271E2987C700CEB67F /* Cinemaniac.app */;
			productType = "com.apple.product-type.application";
		};
/* End PBXNativeTarget section */

/* Begin PBXProject section */
		222F501F1E2987C600CEB67F /* Project object */ = {
			isa = PBXProject;
			attributes = {
				LastSwiftUpdateCheck = 0800;
				LastUpgradeCheck = 0800;
				ORGANIZATIONNAME = "Tim Kim";
				TargetAttributes = {
					222F50261E2987C600CEB67F = {
						CreatedOnToolsVersion = 8.0;
						ProvisioningStyle = Automatic;
					};
				};
			};
			buildConfigurationList = 222F50221E2987C600CEB67F /* Build configuration list for PBXProject "Cinemaniac" */;
			compatibilityVersion = "Xcode 3.2";
			developmentRegion = English;
			hasScannedForEncodings = 0;
			knownRegions = (
				en,
				Base,
			);
			mainGroup = 222F501E1E2987C600CEB67F;
			productRefGroup = 222F50281E2987C700CEB67F /* Products */;
			projectDirPath = "";
			projectRoot = "";
			targets = (
				222F50261E2987C600CEB67F /* Cinemaniac */,
			);
		};
/* End PBXProject section */

/* Begin PBXResourcesBuildPhase section */
		222F50251E2987C600CEB67F /* Resources */ = {
			isa = PBXResourcesBuildPhase;
			buildActionMask = 2147483647;
			files = (
				222F50351E2987C700CEB67F /* LaunchScreen.storyboard in Resources */,
				222F50321E2987C700CEB67F /* Assets.xcassets in Resources */,
				222F50301E2987C700CEB67F /* Main.storyboard in Resources */,
			);
			runOnlyForDeploymentPostprocessing = 0;
		};
/* End PBXResourcesBuildPhase section */

/* Begin PBXSourcesBuildPhase section */
		222F50231E2987C600CEB67F /* Sources */ = {
			isa = PBXSourcesBuildPhase;
			buildActionMask = 2147483647;
			files = (
				222F502B1E2987C700CEB67F /* AppDelegate.swift in Sources */,
				222F503D1E29881F00CEB67F /* MoviesViewController.swift in Sources */,
			);
			runOnlyForDeploymentPostprocessing = 0;
		};
/* End PBXSourcesBuildPhase section */

/* Begin PBXVariantGroup section */
		222F502E1E2987C700CEB67F /* Main.storyboard */ = {
			isa = PBXVariantGroup;
			children = (
				222F502F1E2987C700CEB67F /* Base */,
			);
			name = Main.storyboard;
			sourceTree = "<group>";
		};
		222F50331E2987C700CEB67F /* LaunchScreen.storyboard */ = {
			isa = PBXVariantGroup;
			children = (
				222F50341E2987C700CEB67F /* Base */,
			);
			name = LaunchScreen.storyboard;
			sourceTree = "<group>";
		};
/* End PBXVariantGroup section */

/* Begin XCBuildConfiguration section */
		222F50371E2987C700CEB67F /* Debug */ = {
			isa = XCBuildConfiguration;
			buildSettings = {
				ALWAYS_SEARCH_USER_PATHS = NO;
				CLANG_ANALYZER_NONNULL = YES;
				CLANG_CXX_LANGUAGE_STANDARD = "gnu++0x";
				CLANG_CXX_LIBRARY = "libc++";
				CLANG_ENABLE_MODULES = YES;
				CLANG_ENABLE_OBJC_ARC = YES;
				CLANG_WARN_BOOL_CONVERSION = YES;
				CLANG_WARN_CONSTANT_CONVERSION = YES;
				CLANG_WARN_DIRECT_OBJC_ISA_USAGE = YES_ERROR;
				CLANG_WARN_DOCUMENTATION_COMMENTS = YES;
				CLANG_WARN_EMPTY_BODY = YES;
				CLANG_WARN_ENUM_CONVERSION = YES;
				CLANG_WARN_INFINITE_RECURSION = YES;
				CLANG_WARN_INT_CONVERSION = YES;
				CLANG_WARN_OBJC_ROOT_CLASS = YES_ERROR;
				CLANG_WARN_SUSPICIOUS_MOVES = YES;
				CLANG_WARN_UNREACHABLE_CODE = YES;
				CLANG_WARN__DUPLICATE_METHOD_MATCH = YES;
				"CODE_SIGN_IDENTITY[sdk=iphoneos*]" = "iPhone Developer";
				COPY_PHASE_STRIP = NO;
				DEBUG_INFORMATION_FORMAT = dwarf;
				ENABLE_STRICT_OBJC_MSGSEND = YES;
				ENABLE_TESTABILITY = YES;
				GCC_C_LANGUAGE_STANDARD = gnu99;
				GCC_DYNAMIC_NO_PIC = NO;
				GCC_NO_COMMON_BLOCKS = YES;
				GCC_OPTIMIZATION_LEVEL = 0;
				GCC_PREPROCESSOR_DEFINITIONS = (
					"DEBUG=1",
					"$(inherited)",
				);
				GCC_WARN_64_TO_32_BIT_CONVERSION = YES;
				GCC_WARN_ABOUT_RETURN_TYPE = YES_ERROR;
				GCC_WARN_UNDECLARED_SELECTOR = YES;
				GCC_WARN_UNINITIALIZED_AUTOS = YES_AGGRESSIVE;
				GCC_WARN_UNUSED_FUNCTION = YES;
				GCC_WARN_UNUSED_VARIABLE = YES;
				IPHONEOS_DEPLOYMENT_TARGET = 10.0;
				MTL_ENABLE_DEBUG_INFO = YES;
				ONLY_ACTIVE_ARCH = YES;
				SDKROOT = iphoneos;
				SWIFT_ACTIVE_COMPILATION_CONDITIONS = DEBUG;
				SWIFT_OPTIMIZATION_LEVEL = "-Onone";
			};
			name = Debug;
		};
		222F50381E2987C700CEB67F /* Release */ = {
			isa = XCBuildConfiguration;
			buildSettings = {
				ALWAYS_SEARCH_USER_PATHS = NO;
				CLANG_ANALYZER_NONNULL = YES;
				CLANG_CXX_LANGUAGE_STANDARD = "gnu++0x";
				CLANG_CXX_LIBRARY = "libc++";
				CLANG_ENABLE_MODULES = YES;
				CLANG_ENABLE_OBJC_ARC = YES;
				CLANG_WARN_BOOL_CONVERSION = YES;
				CLANG_WARN_CONSTANT_CONVERSION = YES;
				CLANG_WARN_DIRECT_OBJC_ISA_USAGE = YES_ERROR;
				CLANG_WARN_DOCUMENTATION_COMMENTS = YES;
				CLANG_WARN_EMPTY_BODY = YES;
				CLANG_WARN_ENUM_CONVERSION = YES;
				CLANG_WARN_INFINITE_RECURSION = YES;
				CLANG_WARN_INT_CONVERSION = YES;
				CLANG_WARN_OBJC_ROOT_CLASS = YES_ERROR;
				CLANG_WARN_SUSPICIOUS_MOVES = YES;
				CLANG_WARN_UNREACHABLE_CODE = YES;
				CLANG_WARN__DUPLICATE_METHOD_MATCH = YES;
				"CODE_SIGN_IDENTITY[sdk=iphoneos*]" = "iPhone Developer";
				COPY_PHASE_STRIP = NO;
				DEBUG_INFORMATION_FORMAT = "dwarf-with-dsym";
				ENABLE_NS_ASSERTIONS = NO;
				ENABLE_STRICT_OBJC_MSGSEND = YES;
				GCC_C_LANGUAGE_STANDARD = gnu99;
				GCC_NO_COMMON_BLOCKS = YES;
				GCC_WARN_64_TO_32_BIT_CONVERSION = YES;
				GCC_WARN_ABOUT_RETURN_TYPE = YES_ERROR;
				GCC_WARN_UNDECLARED_SELECTOR = YES;
				GCC_WARN_UNINITIALIZED_AUTOS = YES_AGGRESSIVE;
				GCC_WARN_UNUSED_FUNCTION = YES;
				GCC_WARN_UNUSED_VARIABLE = YES;
				IPHONEOS_DEPLOYMENT_TARGET = 10.0;
				MTL_ENABLE_DEBUG_INFO = NO;
				SDKROOT = iphoneos;
				SWIFT_OPTIMIZATION_LEVEL = "-Owholemodule";
				VALIDATE_PRODUCT = YES;
			};
			name = Release;
		};
		222F503A1E2987C700CEB67F /* Debug */ = {
			isa = XCBuildConfiguration;
			buildSettings = {
				ASSETCATALOG_COMPILER_APPICON_NAME = AppIcon;
				INFOPLIST_FILE = Cinemaniac/Info.plist;
				LD_RUNPATH_SEARCH_PATHS = "$(inherited) @executable_path/Frameworks";
				PRODUCT_BUNDLE_IDENTIFIER = com.example.Cinemaniac;
				PRODUCT_NAME = "$(TARGET_NAME)";
				SWIFT_VERSION = 3.0;
			};
			name = Debug;
		};
		222F503B1E2987C700CEB67F /* Release */ = {
			isa = XCBuildConfiguration;
			buildSettings = {
				ASSETCATALOG_COMPILER_APPICON_NAME = AppIcon;
				INFOPLIST_FILE = Cinemaniac/Info.plist;
				LD_RUNPATH_SEARCH_PATHS = "$(inherited) @executable_path/Frameworks";
				PRODUCT_BUNDLE_IDENTIFIER = com.example.Cinemaniac;
				PRODUCT_NAME = "$(TARGET_NAME)";
				SWIFT_VERSION = 3.0;
			};
			name = Release;
		};
/* End XCBuildConfiguration section */

/* Begin XCConfigurationList section */
		222F50221E2987C600CEB67F /* Build configuration list for PBXProject "Cinemaniac" */ = {
			isa = XCConfigurationList;
			buildConfigurations = (
				222F50371E2987C700CEB67F /* Debug */,
				222F50381E2987C700CEB67F /* Release */,
			);
			defaultConfigurationIsVisible = 0;
			defaultConfigurationName = Release;
		};
		222F50391E2987C700CEB67F /* Build configuration list for PBXNativeTarget "Cinemaniac" */ = {
			isa = XCConfigurationList;
			buildConfigurations = (
				222F503A1E2987C700CEB67F /* Debug */,
				222F503B1E2987C700CEB67F /* Release */,
			);
			defaultConfigurationIsVisible = 0;
		};
/* End XCConfigurationList section */
	};
	rootObject = 222F501F1E2987C600CEB67F /* Project object */;
}
